
Microsoft Visual Studio Solution File, Format Version 12.00
# Visual Studio Version 17
VisualStudioVersion = 17.9.34714.143
MinimumVisualStudioVersion = 10.0.40219.1
Project("{8BC9CEB8-8B4A-11D0-8D11-00A0C91BC942}") = "HackerRank_ExceptionalServer", "HackerRank_ExceptionalServer.vcxproj", "{15E687B9-1C27-4622-9243-8BE217F1695E}"
EndProject
Global
	GlobalSection(SolutionConfigurationPlatforms) = preSolution
		Debug|x64 = Debug|x64
		Debug|x86 = Debug|x86
		Release|x64 = Release|x64
		Release|x86 = Release|x86
	EndGlobalSection
	GlobalSection(ProjectConfigurationPlatforms) = postSolution
		{15E687B9-1C27-4622-9243-8BE217F1695E}.Debug|x64.ActiveCfg = Debug|x64
		{15E687B9-1C27-4622-9243-8BE217F1695E}.Debug|x64.Build.0 = Debug|x64
		{15E687B9-1C27-4622-9243-8BE217F1695E}.Debug|x86.ActiveCfg = Debug|Win32
		{15E687B9-1C27-4622-9243-8BE217F1695E}.Debug|x86.Build.0 = Debug|Win32
		{15E687B9-1C27-4622-9243-8BE217F1695E}.Release|x64.ActiveCfg = Release|x64
		{15E687B9-1C27-4622-9243-8BE217F1695E}.Release|x64.Build.0 = Release|x64
		{15E687B9-1C27-4622-9243-8BE217F1695E}.Release|x86.ActiveCfg = Release|Win32
		{15E687B9-1C27-4622-9243-8BE217F1695E}.Release|x86.Build.0 = Release|Win32
	EndGlobalSection
	GlobalSection(SolutionProperties) = preSolution
		HideSolutionNode = FALSE
	EndGlobalSection
	GlobalSection(ExtensibilityGlobals) = postSolution
		SolutionGuid = {BA37D754-FAA5-4979-B63D-16EE29FE571F}
	EndGlobalSection
EndGlobal
